
Microsoft Visual Studio Solution File, Format Version 12.00
# Visual Studio Version 17
VisualStudioVersion = 17.0.31903.59
MinimumVisualStudioVersion = 10.0.40219.1
Project("{9A19103F-16F7-4668-BE54-9A1E7A4F7556}") = "Singleton", "Singleton\Singleton.csproj", "{64CE48B1-86D3-4053-B00A-394DFAF81B29}"
EndProject
Project("{9A19103F-16F7-4668-BE54-9A1E7A4F7556}") = "Factory", "Factory\Factory.csproj", "{62EEFEF7-D5D3-4588-B257-B13C498A596C}"
EndProject
Project("{9A19103F-16F7-4668-BE54-9A1E7A4F7556}") = "Iterator", "Iterator\Iterator.csproj", "{4E1B1E42-AEF2-4A5F-A153-D9BD263EBDF1}"
EndProject
Project("{9A19103F-16F7-4668-BE54-9A1E7A4F7556}") = "Adapter", "Adapter\Adapter.csproj", "{08905754-E8BC-4545-BD66-79CF91DA995B}"
EndProject
Project("{9A19103F-16F7-4668-BE54-9A1E7A4F7556}") = "Builder", "Builder\Builder.csproj", "{23D56DE8-87D7-4DCD-BAA8-AC7E955582E8}"
EndProject
Project("{9A19103F-16F7-4668-BE54-9A1E7A4F7556}") = "Bridge", "Bridge\Bridge.csproj", "{7EB57B4F-E7DA-44BF-8EE6-9C1DCCA8A02F}"
EndProject
Project("{9A19103F-16F7-4668-BE54-9A1E7A4F7556}") = "Facade", "Facade\Facade.csproj", "{721D7EA4-7733-415D-A147-DA644EC7F37F}"
EndProject
Project("{9A19103F-16F7-4668-BE54-9A1E7A4F7556}") = "Proxy", "Proxy\Proxy.csproj", "{3F1E651B-4A8E-4623-9878-E592CA9C5F91}"
EndProject
Project("{9A19103F-16F7-4668-BE54-9A1E7A4F7556}") = "ChainOfResponsibility", "ChainOfResponsibility\ChainOfResponsibility.csproj", "{580EC1A8-8419-4EB7-B031-02F326B96C35}"
EndProject
Project("{9A19103F-16F7-4668-BE54-9A1E7A4F7556}") = "Decorator", "Decorator\Decorator.csproj", "{1245B922-DF1F-4763-A458-48BE5A8DB6EB}"
EndProject
Project("{9A19103F-16F7-4668-BE54-9A1E7A4F7556}") = "Visitor", "Visitor\Visitor.csproj", "{2C4A0711-D6D6-4289-8D61-51F92A799D76}"
EndProject
Project("{9A19103F-16F7-4668-BE54-9A1E7A4F7556}") = "Strategy", "Strategy\Strategy.csproj", "{9B0BEB4B-5B27-45CB-AC57-F54E61A34E3B}"
EndProject
Project("{9A19103F-16F7-4668-BE54-9A1E7A4F7556}") = "Observer", "Observer\Observer.csproj", "{4742A01F-76C9-436E-B5E2-4D783A11B195}"
EndProject
Project("{9A19103F-16F7-4668-BE54-9A1E7A4F7556}") = "Flyweight", "Flyweight\Flyweight.csproj", "{D8A2CDFB-D00B-4B4B-A810-26B9037CE506}"
EndProject
Project("{9A19103F-16F7-4668-BE54-9A1E7A4F7556}") = "Command", "Command\Command.csproj", "{B0FC2B5A-711E-4EDE-ADBF-78C64CD2C357}"
EndProject
Project("{FAE04EC0-301F-11D3-BF4B-00C04F79EFBC}") = "Composite", "Composite\Composite.csproj", "{68451E34-3047-458B-BDF6-93B05EB2B013}"
EndProject
Project("{FAE04EC0-301F-11D3-BF4B-00C04F79EFBC}") = "Memento", "Memento\Memento.csproj", "{F7E2316C-3D66-4D3F-947A-BA9E0DB96462}"
EndProject
Global
	GlobalSection(SolutionConfigurationPlatforms) = preSolution
		Debug|Any CPU = Debug|Any CPU
		Release|Any CPU = Release|Any CPU
	EndGlobalSection
	GlobalSection(ProjectConfigurationPlatforms) = postSolution
		{64CE48B1-86D3-4053-B00A-394DFAF81B29}.Debug|Any CPU.ActiveCfg = Debug|Any CPU
		{64CE48B1-86D3-4053-B00A-394DFAF81B29}.Debug|Any CPU.Build.0 = Debug|Any CPU
		{64CE48B1-86D3-4053-B00A-394DFAF81B29}.Release|Any CPU.ActiveCfg = Release|Any CPU
		{64CE48B1-86D3-4053-B00A-394DFAF81B29}.Release|Any CPU.Build.0 = Release|Any CPU
		{62EEFEF7-D5D3-4588-B257-B13C498A596C}.Debug|Any CPU.ActiveCfg = Debug|Any CPU
		{62EEFEF7-D5D3-4588-B257-B13C498A596C}.Debug|Any CPU.Build.0 = Debug|Any CPU
		{62EEFEF7-D5D3-4588-B257-B13C498A596C}.Release|Any CPU.ActiveCfg = Release|Any CPU
		{62EEFEF7-D5D3-4588-B257-B13C498A596C}.Release|Any CPU.Build.0 = Release|Any CPU
		{4E1B1E42-AEF2-4A5F-A153-D9BD263EBDF1}.Debug|Any CPU.ActiveCfg = Debug|Any CPU
		{4E1B1E42-AEF2-4A5F-A153-D9BD263EBDF1}.Debug|Any CPU.Build.0 = Debug|Any CPU
		{4E1B1E42-AEF2-4A5F-A153-D9BD263EBDF1}.Release|Any CPU.ActiveCfg = Release|Any CPU
		{4E1B1E42-AEF2-4A5F-A153-D9BD263EBDF1}.Release|Any CPU.Build.0 = Release|Any CPU
		{08905754-E8BC-4545-BD66-79CF91DA995B}.Debug|Any CPU.ActiveCfg = Debug|Any CPU
		{08905754-E8BC-4545-BD66-79CF91DA995B}.Debug|Any CPU.Build.0 = Debug|Any CPU
		{08905754-E8BC-4545-BD66-79CF91DA995B}.Release|Any CPU.ActiveCfg = Release|Any CPU
		{08905754-E8BC-4545-BD66-79CF91DA995B}.Release|Any CPU.Build.0 = Release|Any CPU
		{23D56DE8-87D7-4DCD-BAA8-AC7E955582E8}.Debug|Any CPU.ActiveCfg = Debug|Any CPU
		{23D56DE8-87D7-4DCD-BAA8-AC7E955582E8}.Debug|Any CPU.Build.0 = Debug|Any CPU
		{23D56DE8-87D7-4DCD-BAA8-AC7E955582E8}.Release|Any CPU.ActiveCfg = Release|Any CPU
		{23D56DE8-87D7-4DCD-BAA8-AC7E955582E8}.Release|Any CPU.Build.0 = Release|Any CPU
		{7EB57B4F-E7DA-44BF-8EE6-9C1DCCA8A02F}.Debug|Any CPU.ActiveCfg = Debug|Any CPU
		{7EB57B4F-E7DA-44BF-8EE6-9C1DCCA8A02F}.Debug|Any CPU.Build.0 = Debug|Any CPU
		{7EB57B4F-E7DA-44BF-8EE6-9C1DCCA8A02F}.Release|Any CPU.ActiveCfg = Release|Any CPU
		{7EB57B4F-E7DA-44BF-8EE6-9C1DCCA8A02F}.Release|Any CPU.Build.0 = Release|Any CPU
		{721D7EA4-7733-415D-A147-DA644EC7F37F}.Debug|Any CPU.ActiveCfg = Debug|Any CPU
		{721D7EA4-7733-415D-A147-DA644EC7F37F}.Debug|Any CPU.Build.0 = Debug|Any CPU
		{721D7EA4-7733-415D-A147-DA644EC7F37F}.Release|Any CPU.ActiveCfg = Release|Any CPU
		{721D7EA4-7733-415D-A147-DA644EC7F37F}.Release|Any CPU.Build.0 = Release|Any CPU
		{3F1E651B-4A8E-4623-9878-E592CA9C5F91}.Debug|Any CPU.ActiveCfg = Debug|Any CPU
		{3F1E651B-4A8E-4623-9878-E592CA9C5F91}.Debug|Any CPU.Build.0 = Debug|Any CPU
		{3F1E651B-4A8E-4623-9878-E592CA9C5F91}.Release|Any CPU.ActiveCfg = Release|Any CPU
		{3F1E651B-4A8E-4623-9878-E592CA9C5F91}.Release|Any CPU.Build.0 = Release|Any CPU
		{580EC1A8-8419-4EB7-B031-02F326B96C35}.Debug|Any CPU.ActiveCfg = Debug|Any CPU
		{580EC1A8-8419-4EB7-B031-02F326B96C35}.Debug|Any CPU.Build.0 = Debug|Any CPU
		{580EC1A8-8419-4EB7-B031-02F326B96C35}.Release|Any CPU.ActiveCfg = Release|Any CPU
		{580EC1A8-8419-4EB7-B031-02F326B96C35}.Release|Any CPU.Build.0 = Release|Any CPU
		{1245B922-DF1F-4763-A458-48BE5A8DB6EB}.Debug|Any CPU.ActiveCfg = Debug|Any CPU
		{1245B922-DF1F-4763-A458-48BE5A8DB6EB}.Debug|Any CPU.Build.0 = Debug|Any CPU
		{1245B922-DF1F-4763-A458-48BE5A8DB6EB}.Release|Any CPU.ActiveCfg = Release|Any CPU
		{1245B922-DF1F-4763-A458-48BE5A8DB6EB}.Release|Any CPU.Build.0 = Release|Any CPU
		{2C4A0711-D6D6-4289-8D61-51F92A799D76}.Debug|Any CPU.ActiveCfg = Debug|Any CPU
		{2C4A0711-D6D6-4289-8D61-51F92A799D76}.Debug|Any CPU.Build.0 = Debug|Any CPU
		{2C4A0711-D6D6-4289-8D61-51F92A799D76}.Release|Any CPU.ActiveCfg = Release|Any CPU
		{2C4A0711-D6D6-4289-8D61-51F92A799D76}.Release|Any CPU.Build.0 = Release|Any CPU
		{9B0BEB4B-5B27-45CB-AC57-F54E61A34E3B}.Debug|Any CPU.ActiveCfg = Debug|Any CPU
		{9B0BEB4B-5B27-45CB-AC57-F54E61A34E3B}.Debug|Any CPU.Build.0 = Debug|Any CPU
		{9B0BEB4B-5B27-45CB-AC57-F54E61A34E3B}.Release|Any CPU.ActiveCfg = Release|Any CPU
		{9B0BEB4B-5B27-45CB-AC57-F54E61A34E3B}.Release|Any CPU.Build.0 = Release|Any CPU
		{4742A01F-76C9-436E-B5E2-4D783A11B195}.Debug|Any CPU.ActiveCfg = Debug|Any CPU
		{4742A01F-76C9-436E-B5E2-4D783A11B195}.Debug|Any CPU.Build.0 = Debug|Any CPU
		{4742A01F-76C9-436E-B5E2-4D783A11B195}.Release|Any CPU.ActiveCfg = Release|Any CPU
		{4742A01F-76C9-436E-B5E2-4D783A11B195}.Release|Any CPU.Build.0 = Release|Any CPU
		{D8A2CDFB-D00B-4B4B-A810-26B9037CE506}.Debug|Any CPU.ActiveCfg = Debug|Any CPU
		{D8A2CDFB-D00B-4B4B-A810-26B9037CE506}.Debug|Any CPU.Build.0 = Debug|Any CPU
		{D8A2CDFB-D00B-4B4B-A810-26B9037CE506}.Release|Any CPU.ActiveCfg = Release|Any CPU
		{D8A2CDFB-D00B-4B4B-A810-26B9037CE506}.Release|Any CPU.Build.0 = Release|Any CPU
		{B0FC2B5A-711E-4EDE-ADBF-78C64CD2C357}.Debug|Any CPU.ActiveCfg = Debug|Any CPU
		{B0FC2B5A-711E-4EDE-ADBF-78C64CD2C357}.Debug|Any CPU.Build.0 = Debug|Any CPU
		{B0FC2B5A-711E-4EDE-ADBF-78C64CD2C357}.Release|Any CPU.ActiveCfg = Release|Any CPU
		{B0FC2B5A-711E-4EDE-ADBF-78C64CD2C357}.Release|Any CPU.Build.0 = Release|Any CPU
		{68451E34-3047-458B-BDF6-93B05EB2B013}.Debug|Any CPU.ActiveCfg = Debug|Any CPU
		{68451E34-3047-458B-BDF6-93B05EB2B013}.Debug|Any CPU.Build.0 = Debug|Any CPU
		{68451E34-3047-458B-BDF6-93B05EB2B013}.Release|Any CPU.ActiveCfg = Release|Any CPU
		{68451E34-3047-458B-BDF6-93B05EB2B013}.Release|Any CPU.Build.0 = Release|Any CPU
		{F7E2316C-3D66-4D3F-947A-BA9E0DB96462}.Debug|Any CPU.ActiveCfg = Debug|Any CPU
		{F7E2316C-3D66-4D3F-947A-BA9E0DB96462}.Debug|Any CPU.Build.0 = Debug|Any CPU
		{F7E2316C-3D66-4D3F-947A-BA9E0DB96462}.Release|Any CPU.ActiveCfg = Release|Any CPU
		{F7E2316C-3D66-4D3F-947A-BA9E0DB96462}.Release|Any CPU.Build.0 = Release|Any CPU
	EndGlobalSection
	GlobalSection(SolutionProperties) = preSolution
		HideSolutionNode = FALSE
	EndGlobalSection
	GlobalSection(ExtensibilityGlobals) = postSolution
		SolutionGuid = {135ADE0A-3274-4484-AA8F-7544763F934F}
	EndGlobalSection
EndGlobal
